
Microsoft Visual Studio Solution File, Format Version 12.00
# Visual Studio 14
VisualStudioVersion = 14.0.25420.1
MinimumVisualStudioVersion = 10.0.40219.1
Project("{FAE04EC0-301F-11D3-BF4B-00C04F79EFBC}") = "SETPaint", "SETPaint\SETPaint.csproj", "{6273ACC0-E9C5-472F-A5AD-9872306A3BAF}"
EndProject
Project("{54435603-DBB4-11D2-8724-00A0C9A8B90C}") = "SETPaintSetup", "SETPaintSetup\SETPaintSetup.vdproj", "{55EE221E-D594-4159-B910-7853E8B79C42}"
EndProject
Global
	GlobalSection(SolutionConfigurationPlatforms) = preSolution
		Debug|Any CPU = Debug|Any CPU
		Release|Any CPU = Release|Any CPU
	EndGlobalSection
	GlobalSection(ProjectConfigurationPlatforms) = postSolution
		{6273ACC0-E9C5-472F-A5AD-9872306A3BAF}.Debug|Any CPU.ActiveCfg = Debug|Any CPU
		{6273ACC0-E9C5-472F-A5AD-9872306A3BAF}.Debug|Any CPU.Build.0 = Debug|Any CPU
		{6273ACC0-E9C5-472F-A5AD-9872306A3BAF}.Release|Any CPU.ActiveCfg = Release|Any CPU
		{6273ACC0-E9C5-472F-A5AD-9872306A3BAF}.Release|Any CPU.Build.0 = Release|Any CPU
		{55EE221E-D594-4159-B910-7853E8B79C42}.Debug|Any CPU.ActiveCfg = Debug
		{55EE221E-D594-4159-B910-7853E8B79C42}.Release|Any CPU.ActiveCfg = Release
	EndGlobalSection
	GlobalSection(SolutionProperties) = preSolution
		HideSolutionNode = FALSE
	EndGlobalSection
EndGlobal
